
Microsoft Visual Studio Solution File, Format Version 12.00
# Visual Studio Version 17
VisualStudioVersion = 17.7.34221.43
MinimumVisualStudioVersion = 10.0.40219.1
Project("{9A19103F-16F7-4668-BE54-9A1E7A4F7556}") = "Piba.Data", "Piba.Data\Piba.Data.csproj", "{16713246-37AE-4694-8EA5-D11B955B3BD1}"
EndProject
Project("{9A19103F-16F7-4668-BE54-9A1E7A4F7556}") = "Piba", "Piba\Piba.csproj", "{8A347941-AD9C-4E15-94D6-1E2C7EF2A200}"
EndProject
Project("{9A19103F-16F7-4668-BE54-9A1E7A4F7556}") = "Piba.Repositories", "Piba.Repositories\Piba.Repositories.csproj", "{2B14D43F-4F9E-44FA-BE9E-8956942C7B43}"
EndProject
Project("{9A19103F-16F7-4668-BE54-9A1E7A4F7556}") = "Piba.Services", "Piba.Services\Piba.Services.csproj", "{C5DCA5B7-1903-4F28-BC4A-E4271E2BC254}"
EndProject
Project("{FAE04EC0-301F-11D3-BF4B-00C04F79EFBC}") = "Piba.Data.Tests", "Piba.Data.Tests\Piba.Data.Tests.csproj", "{74995C04-C1F9-46ED-9DDD-67D1E78C7B0B}"
EndProject
Global
	GlobalSection(SolutionConfigurationPlatforms) = preSolution
		Debug|Any CPU = Debug|Any CPU
		Release|Any CPU = Release|Any CPU
	EndGlobalSection
	GlobalSection(ProjectConfigurationPlatforms) = postSolution
		{16713246-37AE-4694-8EA5-D11B955B3BD1}.Debug|Any CPU.ActiveCfg = Debug|Any CPU
		{16713246-37AE-4694-8EA5-D11B955B3BD1}.Debug|Any CPU.Build.0 = Debug|Any CPU
		{16713246-37AE-4694-8EA5-D11B955B3BD1}.Release|Any CPU.ActiveCfg = Release|Any CPU
		{16713246-37AE-4694-8EA5-D11B955B3BD1}.Release|Any CPU.Build.0 = Release|Any CPU
		{8A347941-AD9C-4E15-94D6-1E2C7EF2A200}.Debug|Any CPU.ActiveCfg = Debug|Any CPU
		{8A347941-AD9C-4E15-94D6-1E2C7EF2A200}.Debug|Any CPU.Build.0 = Debug|Any CPU
		{8A347941-AD9C-4E15-94D6-1E2C7EF2A200}.Release|Any CPU.ActiveCfg = Release|Any CPU
		{8A347941-AD9C-4E15-94D6-1E2C7EF2A200}.Release|Any CPU.Build.0 = Release|Any CPU
		{2B14D43F-4F9E-44FA-BE9E-8956942C7B43}.Debug|Any CPU.ActiveCfg = Debug|Any CPU
		{2B14D43F-4F9E-44FA-BE9E-8956942C7B43}.Debug|Any CPU.Build.0 = Debug|Any CPU
		{2B14D43F-4F9E-44FA-BE9E-8956942C7B43}.Release|Any CPU.ActiveCfg = Release|Any CPU
		{2B14D43F-4F9E-44FA-BE9E-8956942C7B43}.Release|Any CPU.Build.0 = Release|Any CPU
		{C5DCA5B7-1903-4F28-BC4A-E4271E2BC254}.Debug|Any CPU.ActiveCfg = Debug|Any CPU
		{C5DCA5B7-1903-4F28-BC4A-E4271E2BC254}.Debug|Any CPU.Build.0 = Debug|Any CPU
		{C5DCA5B7-1903-4F28-BC4A-E4271E2BC254}.Release|Any CPU.ActiveCfg = Release|Any CPU
		{C5DCA5B7-1903-4F28-BC4A-E4271E2BC254}.Release|Any CPU.Build.0 = Release|Any CPU
		{74995C04-C1F9-46ED-9DDD-67D1E78C7B0B}.Debug|Any CPU.ActiveCfg = Debug|Any CPU
		{74995C04-C1F9-46ED-9DDD-67D1E78C7B0B}.Debug|Any CPU.Build.0 = Debug|Any CPU
		{74995C04-C1F9-46ED-9DDD-67D1E78C7B0B}.Release|Any CPU.ActiveCfg = Release|Any CPU
		{74995C04-C1F9-46ED-9DDD-67D1E78C7B0B}.Release|Any CPU.Build.0 = Release|Any CPU
	EndGlobalSection
	GlobalSection(SolutionProperties) = preSolution
		HideSolutionNode = FALSE
	EndGlobalSection
	GlobalSection(ExtensibilityGlobals) = postSolution
		SolutionGuid = {9ED73B4D-C4BC-47DA-8AF8-16A9719F2A23}
	EndGlobalSection
EndGlobal
